
Microsoft Visual Studio Solution File, Format Version 12.00
# Visual Studio Version 17
VisualStudioVersion = 17.11.35327.3
MinimumVisualStudioVersion = 10.0.40219.1
Project("{9A19103F-16F7-4668-BE54-9A1E7A4F7556}") = "DotNetBatch14SNH.ConsoleApp2", "DotNetBatch14SNH.ConsoleApp2\DotNetBatch14SNH.ConsoleApp2.csproj", "{C0442CCD-ED27-402E-ACA8-6D62CAFECA2A}"
EndProject
Project("{9A19103F-16F7-4668-BE54-9A1E7A4F7556}") = "DotNetBatch14SNH.ConsoleApp3", "DotNetBatch14SNH.ConsoleApp3\DotNetBatch14SNH.ConsoleApp3.csproj", "{04614656-810E-475B-B9CC-19920CE4360C}"
EndProject
Project("{9A19103F-16F7-4668-BE54-9A1E7A4F7556}") = "DotNetBatch14SNH.RestApi", "DotNetBatch14SNH.RestApi\DotNetBatch14SNH.RestApi.csproj", "{EEB29C4E-F578-4077-B05A-970AB034C886}"
EndProject
Project("{9A19103F-16F7-4668-BE54-9A1E7A4F7556}") = "MIniPosSystemSNH.RestApi", "POS\MIniPosSystemSNH.RestApi.csproj", "{B7664B56-A302-4A91-9A03-61386034D636}"
EndProject
Project("{9A19103F-16F7-4668-BE54-9A1E7A4F7556}") = "KpayTransferSystemSNH.RestApi", "KpayTransferSystemSNH\KpayTransferSystemSNH.RestApi.csproj", "{91DE3C33-AA4F-4A48-9FFF-3105427086C1}"
EndProject
Project("{FAE04EC0-301F-11D3-BF4B-00C04F79EFBC}") = "DotNetBatch14SNH.ConsoleApp1", "DotNetBatch14SNH.ConsoleApp1\DotNetBatch14SNH.ConsoleApp1.csproj", "{55C8D9D4-BB63-41F9-80BE-F92D5C760E61}"
EndProject
Global
	GlobalSection(SolutionConfigurationPlatforms) = preSolution
		Debug|Any CPU = Debug|Any CPU
		Release|Any CPU = Release|Any CPU
	EndGlobalSection
	GlobalSection(ProjectConfigurationPlatforms) = postSolution
		{C0442CCD-ED27-402E-ACA8-6D62CAFECA2A}.Debug|Any CPU.ActiveCfg = Debug|Any CPU
		{C0442CCD-ED27-402E-ACA8-6D62CAFECA2A}.Debug|Any CPU.Build.0 = Debug|Any CPU
		{C0442CCD-ED27-402E-ACA8-6D62CAFECA2A}.Release|Any CPU.ActiveCfg = Release|Any CPU
		{C0442CCD-ED27-402E-ACA8-6D62CAFECA2A}.Release|Any CPU.Build.0 = Release|Any CPU
		{04614656-810E-475B-B9CC-19920CE4360C}.Debug|Any CPU.ActiveCfg = Debug|Any CPU
		{04614656-810E-475B-B9CC-19920CE4360C}.Debug|Any CPU.Build.0 = Debug|Any CPU
		{04614656-810E-475B-B9CC-19920CE4360C}.Release|Any CPU.ActiveCfg = Release|Any CPU
		{04614656-810E-475B-B9CC-19920CE4360C}.Release|Any CPU.Build.0 = Release|Any CPU
		{EEB29C4E-F578-4077-B05A-970AB034C886}.Debug|Any CPU.ActiveCfg = Debug|Any CPU
		{EEB29C4E-F578-4077-B05A-970AB034C886}.Debug|Any CPU.Build.0 = Debug|Any CPU
		{EEB29C4E-F578-4077-B05A-970AB034C886}.Release|Any CPU.ActiveCfg = Release|Any CPU
		{EEB29C4E-F578-4077-B05A-970AB034C886}.Release|Any CPU.Build.0 = Release|Any CPU
		{B7664B56-A302-4A91-9A03-61386034D636}.Debug|Any CPU.ActiveCfg = Debug|Any CPU
		{B7664B56-A302-4A91-9A03-61386034D636}.Debug|Any CPU.Build.0 = Debug|Any CPU
		{B7664B56-A302-4A91-9A03-61386034D636}.Release|Any CPU.ActiveCfg = Release|Any CPU
		{B7664B56-A302-4A91-9A03-61386034D636}.Release|Any CPU.Build.0 = Release|Any CPU
		{91DE3C33-AA4F-4A48-9FFF-3105427086C1}.Debug|Any CPU.ActiveCfg = Debug|Any CPU
		{91DE3C33-AA4F-4A48-9FFF-3105427086C1}.Debug|Any CPU.Build.0 = Debug|Any CPU
		{91DE3C33-AA4F-4A48-9FFF-3105427086C1}.Release|Any CPU.ActiveCfg = Release|Any CPU
		{91DE3C33-AA4F-4A48-9FFF-3105427086C1}.Release|Any CPU.Build.0 = Release|Any CPU
		{55C8D9D4-BB63-41F9-80BE-F92D5C760E61}.Debug|Any CPU.ActiveCfg = Debug|Any CPU
		{55C8D9D4-BB63-41F9-80BE-F92D5C760E61}.Debug|Any CPU.Build.0 = Debug|Any CPU
		{55C8D9D4-BB63-41F9-80BE-F92D5C760E61}.Release|Any CPU.ActiveCfg = Release|Any CPU
		{55C8D9D4-BB63-41F9-80BE-F92D5C760E61}.Release|Any CPU.Build.0 = Release|Any CPU
	EndGlobalSection
	GlobalSection(SolutionProperties) = preSolution
		HideSolutionNode = FALSE
	EndGlobalSection
	GlobalSection(ExtensibilityGlobals) = postSolution
		SolutionGuid = {5A8C26F0-2F7C-4432-8EB5-ED12C5F1143D}
	EndGlobalSection
EndGlobal
